
Microsoft Visual Studio Solution File, Format Version 12.00
# Visual Studio Version 17
VisualStudioVersion = 17.7.33808.371
MinimumVisualStudioVersion = 10.0.40219.1
Project("{9A19103F-16F7-4668-BE54-9A1E7A4F7556}") = "Melville.PolyglotStats.TableSource", "Melville.PolyglotStats.TableSource\Melville.PolyglotStats.TableSource.csproj", "{7E87132E-21F6-4FB2-82FD-F052A53E69BC}"
EndProject
Project("{2150E333-8FDC-42A3-9474-1A3956D46DE8}") = "Solution Items", "Solution Items", "{C4B6C5BA-2C4A-4CED-B7BA-3F9185EA5F56}"
	ProjectSection(SolutionItems) = preProject
		Directory.Build.props = Directory.Build.props
	EndProjectSection
EndProject
Project("{9A19103F-16F7-4668-BE54-9A1E7A4F7556}") = "Melville.PolyglotStats.Test", "Melville.PolyglotStats.Test\Melville.PolyglotStats.Test.csproj", "{BBDB8D00-CF80-4397-ABB0-70D5F53E8FCC}"
EndProject
Project("{FAE04EC0-301F-11D3-BF4B-00C04F79EFBC}") = "Melville.PolyglotStats.Stats", "Melville.PolyglotStats.Stats\Melville.PolyglotStats.Stats.csproj", "{C6635EB5-0B17-4047-AD7E-1ABB567BFB96}"
EndProject
Global
	GlobalSection(SolutionConfigurationPlatforms) = preSolution
		Debug|Any CPU = Debug|Any CPU
		Release|Any CPU = Release|Any CPU
	EndGlobalSection
	GlobalSection(ProjectConfigurationPlatforms) = postSolution
		{7E87132E-21F6-4FB2-82FD-F052A53E69BC}.Debug|Any CPU.ActiveCfg = Debug|Any CPU
		{7E87132E-21F6-4FB2-82FD-F052A53E69BC}.Debug|Any CPU.Build.0 = Debug|Any CPU
		{7E87132E-21F6-4FB2-82FD-F052A53E69BC}.Release|Any CPU.ActiveCfg = Release|Any CPU
		{7E87132E-21F6-4FB2-82FD-F052A53E69BC}.Release|Any CPU.Build.0 = Release|Any CPU
		{BBDB8D00-CF80-4397-ABB0-70D5F53E8FCC}.Debug|Any CPU.ActiveCfg = Debug|Any CPU
		{BBDB8D00-CF80-4397-ABB0-70D5F53E8FCC}.Debug|Any CPU.Build.0 = Debug|Any CPU
		{BBDB8D00-CF80-4397-ABB0-70D5F53E8FCC}.Release|Any CPU.ActiveCfg = Release|Any CPU
		{BBDB8D00-CF80-4397-ABB0-70D5F53E8FCC}.Release|Any CPU.Build.0 = Release|Any CPU
		{C6635EB5-0B17-4047-AD7E-1ABB567BFB96}.Debug|Any CPU.ActiveCfg = Debug|Any CPU
		{C6635EB5-0B17-4047-AD7E-1ABB567BFB96}.Debug|Any CPU.Build.0 = Debug|Any CPU
		{C6635EB5-0B17-4047-AD7E-1ABB567BFB96}.Release|Any CPU.ActiveCfg = Release|Any CPU
		{C6635EB5-0B17-4047-AD7E-1ABB567BFB96}.Release|Any CPU.Build.0 = Release|Any CPU
	EndGlobalSection
	GlobalSection(SolutionProperties) = preSolution
		HideSolutionNode = FALSE
	EndGlobalSection
	GlobalSection(NestedProjects) = preSolution
		{C6635EB5-0B17-4047-AD7E-1ABB567BFB96} = {C4B6C5BA-2C4A-4CED-B7BA-3F9185EA5F56}
	EndGlobalSection
	GlobalSection(ExtensibilityGlobals) = postSolution
		SolutionGuid = {46063770-2F8D-4C00-9171-4FFDC866070A}
	EndGlobalSection
EndGlobal
